<?xml version="1.0" encoding="utf-8"?>
<Project ToolsVersion="4.0" xmlns="http://schemas.microsoft.com/developer/msbuild/2003">
  <ItemGroup>
    <None Include="packages.config" />
  </ItemGroup>
  <ItemGroup>
    <Filter Include="engine">
      <UniqueIdentifier>{d1cda2ce-c33e-4864-bc44-d037e036f83e}</UniqueIdentifier>
    </Filter>
    <Filter Include="engine\pal">
      <UniqueIdentifier>{7db0c3c1-4803-4975-9851-3ee5fdc24d79}</UniqueIdentifier>
    </Filter>
    <Filter Include="engine\img">
      <UniqueIdentifier>{cecc57ac-9712-4776-8c11-c3cef62783bf}</UniqueIdentifier>
    </Filter>
    <Filter Include="engine\input">
      <UniqueIdentifier>{390196a0-f76a-4eb7-a12e-9aef2d6e5b77}</UniqueIdentifier>
    </Filter>
    <Filter Include="game">
      <UniqueIdentifier>{a9761b7f-8a41-4590-8962-72d5b1ef2c86}</UniqueIdentifier>
    </Filter>
    <Filter Include="engine\entity">
      <UniqueIdentifier>{72b5627f-c898-482e-ac21-444ff36fcc2e}</UniqueIdentifier>
    </Filter>
    <Filter Include="engine\math">
      <UniqueIdentifier>{a0a8a9ec-16ea-426b-ab88-e275720d80f2}</UniqueIdentifier>
    </Filter>
    <Filter Include="game\entities">
      <UniqueIdentifier>{7328e56c-da6c-4960-83e0-bffcd1fc5d0b}</UniqueIdentifier>
    </Filter>
    <Filter Include="game\entities\player">
      <UniqueIdentifier>{d23c70d9-4f5e-4edc-9928-352ada0ad377}</UniqueIdentifier>
    </Filter>
    <Filter Include="engine\camera">
      <UniqueIdentifier>{16229d52-3d60-4766-bb18-353b4b6f89b9}</UniqueIdentifier>
    </Filter>
    <Filter Include="engine\map">
      <UniqueIdentifier>{503263a6-a637-43c3-8cf8-07e215306731}</UniqueIdentifier>
    </Filter>
    <Filter Include="engine\dat">
      <UniqueIdentifier>{95a694ca-de89-4573-b0d5-d7c918577152}</UniqueIdentifier>
    </Filter>
    <Filter Include="engine\sound">
      <UniqueIdentifier>{2549fab6-9d6e-4865-b457-80bf08d3943e}</UniqueIdentifier>
    </Filter>
    <Filter Include="game\sounds">
      <UniqueIdentifier>{adcd69c8-b59b-490c-9d63-eb9909c52f29}</UniqueIdentifier>
    </Filter>
    <Filter Include="engine\tiles">
      <UniqueIdentifier>{9a057688-4559-408b-be05-bfa6df954a24}</UniqueIdentifier>
    </Filter>
    <Filter Include="engine\objects">
      <UniqueIdentifier>{67ab42a2-d6f4-4d78-870c-670b8555dafb}</UniqueIdentifier>
    </Filter>
  </ItemGroup>
  <ItemGroup>
    <ClCompile Include="engine\img\img.cpp">
      <Filter>engine\img</Filter>
    </ClCompile>
    <ClCompile Include="engine\pal\pal.cpp">
      <Filter>engine\pal</Filter>
    </ClCompile>
    <ClCompile Include="engine\math\Vector2i.cpp">
      <Filter>engine\math</Filter>
    </ClCompile>
    <ClCompile Include="engine\entity\Entity.cpp">
      <Filter>engine\entity</Filter>
    </ClCompile>
    <ClCompile Include="engine\math\Vector2f.cpp">
      <Filter>engine\math</Filter>
    </ClCompile>
    <ClCompile Include="engine\camera\Camera.cpp">
      <Filter>engine\camera</Filter>
    </ClCompile>
    <ClCompile Include="game\entities\player\Player.cpp">
      <Filter>game\entities\player</Filter>
    </ClCompile>
    <ClCompile Include="main.cpp" />
    <ClCompile Include="engine\sound\Music.cpp">
      <Filter>engine\sound</Filter>
    </ClCompile>
    <ClCompile Include="engine\map\Map.cpp">
      <Filter>engine\map</Filter>
    </ClCompile>
    <ClCompile Include="engine\dr_pcx.c">
      <Filter>engine</Filter>
    </ClCompile>
    <ClCompile Include="engine\dat\Datreader.cpp">
      <Filter>engine\dat</Filter>
    </ClCompile>
    <ClCompile Include="engine\sound\Sound.cpp">
      <Filter>engine\sound</Filter>
    </ClCompile>
    <ClCompile Include="engine\tiles\Tiles.cpp">
      <Filter>engine\tiles</Filter>
    </ClCompile>
  </ItemGroup>
  <ItemGroup>
    <ClInclude Include="engine\img\img.h">
      <Filter>engine\img</Filter>
    </ClInclude>
    <ClInclude Include="engine\pal\pal.h">
      <Filter>engine\pal</Filter>
    </ClInclude>
    <ClInclude Include="engine\entity\Entity.h">
      <Filter>engine\entity</Filter>
    </ClInclude>
    <ClInclude Include="engine\math\Vector2i.h">
      <Filter>engine\math</Filter>
    </ClInclude>
    <ClInclude Include="engine\math\Vector2f.h">
      <Filter>engine\math</Filter>
    </ClInclude>
    <ClInclude Include="game\entities\Frankenstein.h">
      <Filter>game\entities</Filter>
    </ClInclude>
    <ClInclude Include="engine\img\Color.h">
      <Filter>engine\img</Filter>
    </ClInclude>
    <ClInclude Include="engine\img\Sprite.h">
      <Filter>engine\img</Filter>
    </ClInclude>
    <ClInclude Include="engine\camera\Camera.h">
      <Filter>engine\camera</Filter>
    </ClInclude>
    <ClInclude Include="engine\map\Map.h">
      <Filter>engine\map</Filter>
    </ClInclude>
    <ClInclude Include="game\entities\player\Player.h">
      <Filter>game\entities\player</Filter>
    </ClInclude>
    <ClInclude Include="engine\dat\Datreader.h">
      <Filter>engine\dat</Filter>
    </ClInclude>
    <ClInclude Include="engine\dat\Datoffset.h">
      <Filter>engine\dat</Filter>
    </ClInclude>
    <ClInclude Include="engine\sound\Music.h">
      <Filter>engine\sound</Filter>
    </ClInclude>
    <ClInclude Include="engine\dr_pcx.h">
      <Filter>engine</Filter>
    </ClInclude>
    <ClInclude Include="engine\sound\Sound.h">
      <Filter>engine\sound</Filter>
    </ClInclude>
    <ClInclude Include="engine\sounds\Sounds.h">
      <Filter>game\sounds</Filter>
    </ClInclude>
    <ClInclude Include="game\hud\Hud.h" />
    <ClInclude Include="engine\map\Tile.h">
      <Filter>engine\map</Filter>
    </ClInclude>
    <ClInclude Include="engine\map\AnimatedTile.h">
      <Filter>engine\map</Filter>
    </ClInclude>
    <ClInclude Include="engine\tiles\Tiles.h">
      <Filter>engine\tiles</Filter>
    </ClInclude>
  </ItemGroup>
</Project>